// !$*UTF8*$!
{
	archiveVersion = 1;
	classes = {
	};
	objectVersion = 46;
	objects = {

/* Begin PBXBuildFile section */
		0207DA581B56EA530066E2B4 /* Images.xcassets in Resources */ = {isa = PBXBuildFile; fileRef = 0207DA571B56EA530066E2B4 /* Images.xcassets */; };
		1D3623260D0F684500981E51 /* AppDelegate.m in Sources */ = {isa = PBXBuildFile; fileRef = 1D3623250D0F684500981E51 /* AppDelegate.m */; };
		1D60589B0D05DD56006BFB54 /* main.m in Sources */ = {isa = PBXBuildFile; fileRef = 29B97316FDCFA39411CA2CEA /* main.m */; };
		228E073031E94ADEA2919C6A /* Panorama.swift in Sources */ = {isa = PBXBuildFile; fileRef = C5BF14AEFA61406CA11999C4 /* Panorama.swift */; };
		25BAFAC722079602007DEA6D /* PLITViewerVC+Controls.m in Sources */ = {isa = PBXBuildFile; fileRef = 25BAFABC22079600007DEA6D /* PLITViewerVC+Controls.m */; settings = {COMPILER_FLAGS = "-fno-objc-arc"; }; };
		25BAFAC922079602007DEA6D /* PLITViewerVC.mm in Sources */ = {isa = PBXBuildFile; fileRef = 25BAFABE22079601007DEA6D /* PLITViewerVC.mm */; settings = {COMPILER_FLAGS = "-fno-objc-arc"; }; };
		25BAFACC22079602007DEA6D /* AppDelegate.swift in Sources */ = {isa = PBXBuildFile; fileRef = 25BAFAC122079601007DEA6D /* AppDelegate.swift */; };
		25BAFACF22079602007DEA6D /* UINavigationControllerLandscape.m in Sources */ = {isa = PBXBuildFile; fileRef = 25BAFAC422079602007DEA6D /* UINavigationControllerLandscape.m */; };
		25BAFAD022079602007DEA6D /* PLITInfoView.m in Sources */ = {isa = PBXBuildFile; fileRef = 25BAFAC522079602007DEA6D /* PLITInfoView.m */; settings = {COMPILER_FLAGS = "-fno-objc-arc"; }; };
		25BAFADE2207A236007DEA6D /* AVFoundation.framework in Frameworks */ = {isa = PBXBuildFile; fileRef = 25BAFADD2207A236007DEA6D /* AVFoundation.framework */; };
		25BAFAE02207A246007DEA6D /* QuartzCore.framework in Frameworks */ = {isa = PBXBuildFile; fileRef = 25BAFADF2207A245007DEA6D /* QuartzCore.framework */; };
		25BAFAE22207A253007DEA6D /* CoreGraphics.framework in Frameworks */ = {isa = PBXBuildFile; fileRef = 25BAFAE12207A253007DEA6D /* CoreGraphics.framework */; };
		25BAFAE42207A25D007DEA6D /* CoreMotion.framework in Frameworks */ = {isa = PBXBuildFile; fileRef = 25BAFAE32207A25D007DEA6D /* CoreMotion.framework */; };
		25BAFAE62207A270007DEA6D /* CoreMedia.framework in Frameworks */ = {isa = PBXBuildFile; fileRef = 25BAFAE52207A270007DEA6D /* CoreMedia.framework */; };
		25BAFAE82207A27E007DEA6D /* CoreLocation.framework in Frameworks */ = {isa = PBXBuildFile; fileRef = 25BAFAE72207A27E007DEA6D /* CoreLocation.framework */; };
		25BAFAEA2207A336007DEA6D /* UIKit.framework in Frameworks */ = {isa = PBXBuildFile; fileRef = 25BAFAE92207A335007DEA6D /* UIKit.framework */; };
		25BAFAF22207AE3B007DEA6D /* libc.tbd in Frameworks */ = {isa = PBXBuildFile; fileRef = 25BAFAF12207AE3B007DEA6D /* libc.tbd */; };
		25BAFAF42207AE61007DEA6D /* libc++.tbd in Frameworks */ = {isa = PBXBuildFile; fileRef = 25BAFAF32207AE61007DEA6D /* libc++.tbd */; };
		25BAFAF52207AE70007DEA6D /* DMDAssets.bundle in Resources */ = {isa = PBXBuildFile; fileRef = 25BAFAD5220799F8007DEA6D /* DMDAssets.bundle */; };
		301BF552109A68D80062928A /* libCordova.a in Frameworks */ = {isa = PBXBuildFile; fileRef = 301BF535109A57CC0062928A /* libCordova.a */; };
		302D95F114D2391D003F00A1 /* MainViewController.m in Sources */ = {isa = PBXBuildFile; fileRef = 302D95EF14D2391D003F00A1 /* MainViewController.m */; };
		302D95F214D2391D003F00A1 /* MainViewController.xib in Resources */ = {isa = PBXBuildFile; fileRef = 302D95F014D2391D003F00A1 /* MainViewController.xib */; };
		6AFF5BF91D6E424B00AB3073 /* CDVLaunchScreen.storyboard in Resources */ = {isa = PBXBuildFile; fileRef = 6AFF5BF81D6E424B00AB3073 /* CDVLaunchScreen.storyboard */; };
		7314BA5C7B034320A89983C8 /* PhotoLibrary.swift in Sources */ = {isa = PBXBuildFile; fileRef = 0DBEA56705094C54A7F62DE2 /* PhotoLibrary.swift */; };
		7D7EBCD87FF44F27B8C2657D /* CDVLocalFilesystem.m in Sources */ = {isa = PBXBuildFile; fileRef = AFDCAF98C69847A7BCEB2BCD /* CDVLocalFilesystem.m */; };
		9131FC1A8CF54502BB94A772 /* PhotoLibraryGetLibraryOptions.swift in Sources */ = {isa = PBXBuildFile; fileRef = 63392DA3412A4CD89B8F9DDE /* PhotoLibraryGetLibraryOptions.swift */; };
		B16133E5009C43DFB6A922E3 /* PhotoLibraryProtocol.swift in Sources */ = {isa = PBXBuildFile; fileRef = 504AC807952943F6B82DF2AC /* PhotoLibraryProtocol.swift */; };
		D5CFFD124C004670B88C1CDA /* CDVAssetLibraryFilesystem.m in Sources */ = {isa = PBXBuildFile; fileRef = C9F845CB111B4526879456E4 /* CDVAssetLibraryFilesystem.m */; };
		E311C98832D4469785E067C9 /* PhotoLibraryService.swift in Sources */ = {isa = PBXBuildFile; fileRef = E5CEEFE9A9B14B6A872903AA /* PhotoLibraryService.swift */; };
		E67CC737AB82408DA0B13725 /* CDVFile.m in Sources */ = {isa = PBXBuildFile; fileRef = 7469EEC5CDE74EFE8E492066 /* CDVFile.m */; };
/* End PBXBuildFile section */

/* Begin PBXContainerItemProxy section */
		25D6230B2207732200B1D6D9 /* PBXContainerItemProxy */ = {
			isa = PBXContainerItemProxy;
			containerPortal = 301BF52D109A57CC0062928A /* CordovaLib/CordovaLib.xcodeproj */;
			proxyType = 2;
			remoteGlobalIDString = C0C01EB21E3911D50056E6CB;
			remoteInfo = Cordova;
		};
		301BF534109A57CC0062928A /* PBXContainerItemProxy */ = {
			isa = PBXContainerItemProxy;
			containerPortal = 301BF52D109A57CC0062928A /* CordovaLib/CordovaLib.xcodeproj */;
			proxyType = 2;
			remoteGlobalIDString = D2AAC07E0554694100DB518D;
			remoteInfo = CordovaLib;
		};
		301BF550109A68C00062928A /* PBXContainerItemProxy */ = {
			isa = PBXContainerItemProxy;
			containerPortal = 301BF52D109A57CC0062928A /* CordovaLib/CordovaLib.xcodeproj */;
			proxyType = 1;
			remoteGlobalIDString = D2AAC07D0554694100DB518D;
			remoteInfo = CordovaLib;
		};
/* End PBXContainerItemProxy section */

/* Begin PBXFileReference section */
		00F0A5FFEB284327999DBDE2 /* CDVFile.h */ = {isa = PBXFileReference; explicitFileType = undefined; fileEncoding = 4; includeInIndex = 0; lastKnownFileType = sourcecode.c.h; name = CDVFile.h; path = "cordova-plugin-file/CDVFile.h"; sourceTree = "<group>"; };
		0207DA571B56EA530066E2B4 /* Images.xcassets */ = {isa = PBXFileReference; lastKnownFileType = folder.assetcatalog; name = Images.xcassets; path = HelloCordova/Images.xcassets; sourceTree = SOURCE_ROOT; };
		0DBEA56705094C54A7F62DE2 /* PhotoLibrary.swift */ = {isa = PBXFileReference; explicitFileType = undefined; fileEncoding = 4; includeInIndex = 0; lastKnownFileType = sourcecode.swift; name = PhotoLibrary.swift; path = "cordova-plugin-photo-library/PhotoLibrary.swift"; sourceTree = "<group>"; };
		1D3623240D0F684500981E51 /* AppDelegate.h */ = {isa = PBXFileReference; fileEncoding = 4; lastKnownFileType = sourcecode.c.h; path = AppDelegate.h; sourceTree = "<group>"; };
		1D3623250D0F684500981E51 /* AppDelegate.m */ = {isa = PBXFileReference; fileEncoding = 4; lastKnownFileType = sourcecode.c.objc; path = AppDelegate.m; sourceTree = "<group>"; };
		1D6058910D05DD3D006BFB54 /* HelloCordova.app */ = {isa = PBXFileReference; explicitFileType = wrapper.application; includeInIndex = 0; path = HelloCordova.app; sourceTree = BUILT_PRODUCTS_DIR; };
		25BAFABA22079600007DEA6D /* UINavigationControllerLandscape.h */ = {isa = PBXFileReference; lastKnownFileType = sourcecode.c.h; path = UINavigationControllerLandscape.h; sourceTree = "<group>"; };
		25BAFABC22079600007DEA6D /* PLITViewerVC+Controls.m */ = {isa = PBXFileReference; lastKnownFileType = sourcecode.c.objc; path = "PLITViewerVC+Controls.m"; sourceTree = "<group>"; };
		25BAFABD22079601007DEA6D /* PLITViewerVC+Controls.h */ = {isa = PBXFileReference; lastKnownFileType = sourcecode.c.h; path = "PLITViewerVC+Controls.h"; sourceTree = "<group>"; };
		25BAFABE22079601007DEA6D /* PLITViewerVC.mm */ = {isa = PBXFileReference; lastKnownFileType = sourcecode.cpp.objcpp; path = PLITViewerVC.mm; sourceTree = "<group>"; };
		25BAFABF22079601007DEA6D /* PLITViewerVC.h */ = {isa = PBXFileReference; lastKnownFileType = sourcecode.c.h; path = PLITViewerVC.h; sourceTree = "<group>"; };
		25BAFAC022079601007DEA6D /* PLITInfoView.h */ = {isa = PBXFileReference; lastKnownFileType = sourcecode.c.h; path = PLITInfoView.h; sourceTree = "<group>"; };
		25BAFAC122079601007DEA6D /* AppDelegate.swift */ = {isa = PBXFileReference; lastKnownFileType = sourcecode.swift; path = AppDelegate.swift; sourceTree = "<group>"; };
		25BAFAC322079601007DEA6D /* libDMD_LITE.a */ = {isa = PBXFileReference; lastKnownFileType = archive.ar; path = libDMD_LITE.a; sourceTree = "<group>"; };
		25BAFAC422079602007DEA6D /* UINavigationControllerLandscape.m */ = {isa = PBXFileReference; lastKnownFileType = sourcecode.c.objc; path = UINavigationControllerLandscape.m; sourceTree = "<group>"; };
		25BAFAC522079602007DEA6D /* PLITInfoView.m */ = {isa = PBXFileReference; lastKnownFileType = sourcecode.c.objc; path = PLITInfoView.m; sourceTree = "<group>"; };
		25BAFAD12207993F007DEA6D /* DMD-Bridging-Header.h */ = {isa = PBXFileReference; lastKnownFileType = sourcecode.c.h; path = "DMD-Bridging-Header.h"; sourceTree = "<group>"; };
		25BAFAD222079940007DEA6D /* DMD_LITE.h */ = {isa = PBXFileReference; lastKnownFileType = sourcecode.c.h; path = DMD_LITE.h; sourceTree = "<group>"; };
		25BAFAD5220799F8007DEA6D /* DMDAssets.bundle */ = {isa = PBXFileReference; lastKnownFileType = "wrapper.plug-in"; path = DMDAssets.bundle; sourceTree = "<group>"; };
		25BAFADD2207A236007DEA6D /* AVFoundation.framework */ = {isa = PBXFileReference; lastKnownFileType = wrapper.framework; name = AVFoundation.framework; path = System/Library/Frameworks/AVFoundation.framework; sourceTree = SDKROOT; };
		25BAFADF2207A245007DEA6D /* QuartzCore.framework */ = {isa = PBXFileReference; lastKnownFileType = wrapper.framework; name = QuartzCore.framework; path = System/Library/Frameworks/QuartzCore.framework; sourceTree = SDKROOT; };
		25BAFAE12207A253007DEA6D /* CoreGraphics.framework */ = {isa = PBXFileReference; lastKnownFileType = wrapper.framework; name = CoreGraphics.framework; path = System/Library/Frameworks/CoreGraphics.framework; sourceTree = SDKROOT; };
		25BAFAE32207A25D007DEA6D /* CoreMotion.framework */ = {isa = PBXFileReference; lastKnownFileType = wrapper.framework; name = CoreMotion.framework; path = System/Library/Frameworks/CoreMotion.framework; sourceTree = SDKROOT; };
		25BAFAE52207A270007DEA6D /* CoreMedia.framework */ = {isa = PBXFileReference; lastKnownFileType = wrapper.framework; name = CoreMedia.framework; path = System/Library/Frameworks/CoreMedia.framework; sourceTree = SDKROOT; };
		25BAFAE72207A27E007DEA6D /* CoreLocation.framework */ = {isa = PBXFileReference; lastKnownFileType = wrapper.framework; name = CoreLocation.framework; path = System/Library/Frameworks/CoreLocation.framework; sourceTree = SDKROOT; };
		25BAFAE92207A335007DEA6D /* UIKit.framework */ = {isa = PBXFileReference; lastKnownFileType = wrapper.framework; name = UIKit.framework; path = System/Library/Frameworks/UIKit.framework; sourceTree = SDKROOT; };
		25BAFAEC2207A916007DEA6D /* libDMD_LITE.a */ = {isa = PBXFileReference; lastKnownFileType = archive.ar; name = libDMD_LITE.a; path = ../../../Documents/dmdpanoramalite_ios/DmdPanoLite_Swift/PanoLiteSwift/PanoLiteSwift/libDMD_LITE.a; sourceTree = "<group>"; };
		25BAFAF12207AE3B007DEA6D /* libc.tbd */ = {isa = PBXFileReference; lastKnownFileType = "sourcecode.text-based-dylib-definition"; name = libc.tbd; path = usr/lib/libc.tbd; sourceTree = SDKROOT; };
		25BAFAF32207AE61007DEA6D /* libc++.tbd */ = {isa = PBXFileReference; lastKnownFileType = "sourcecode.text-based-dylib-definition"; name = "libc++.tbd"; path = "usr/lib/libc++.tbd"; sourceTree = SDKROOT; };
		25BAFAF62207B0D4007DEA6D /* libDMD_LITE.a */ = {isa = PBXFileReference; lastKnownFileType = archive.ar; name = libDMD_LITE.a; path = "../../plugins/custom-plugin-panorama/src/ios/libDMD_LITE.a"; sourceTree = "<group>"; };
		29B97316FDCFA39411CA2CEA /* main.m */ = {isa = PBXFileReference; fileEncoding = 4; lastKnownFileType = sourcecode.c.objc; path = main.m; sourceTree = "<group>"; };
		301BF52D109A57CC0062928A /* CordovaLib/CordovaLib.xcodeproj */ = {isa = PBXFileReference; lastKnownFileType = "wrapper.pb-project"; path = CordovaLib/CordovaLib.xcodeproj; sourceTree = "<group>"; };
		301BF56E109A69640062928A /* www */ = {isa = PBXFileReference; lastKnownFileType = folder; path = www; sourceTree = SOURCE_ROOT; };
		302D95EE14D2391D003F00A1 /* MainViewController.h */ = {isa = PBXFileReference; fileEncoding = 4; lastKnownFileType = sourcecode.c.h; path = MainViewController.h; sourceTree = "<group>"; };
		302D95EF14D2391D003F00A1 /* MainViewController.m */ = {isa = PBXFileReference; fileEncoding = 4; lastKnownFileType = sourcecode.c.objc; path = MainViewController.m; sourceTree = "<group>"; };
		302D95F014D2391D003F00A1 /* MainViewController.xib */ = {isa = PBXFileReference; fileEncoding = 4; lastKnownFileType = file.xib; path = MainViewController.xib; sourceTree = "<group>"; };
		3047A50F1AB8059700498E2A /* build-debug.xcconfig */ = {isa = PBXFileReference; fileEncoding = 4; lastKnownFileType = text.xcconfig; name = "build-debug.xcconfig"; path = "cordova/build-debug.xcconfig"; sourceTree = SOURCE_ROOT; };
		3047A5101AB8059700498E2A /* build-release.xcconfig */ = {isa = PBXFileReference; fileEncoding = 4; lastKnownFileType = text.xcconfig; name = "build-release.xcconfig"; path = "cordova/build-release.xcconfig"; sourceTree = SOURCE_ROOT; };
		3047A5111AB8059700498E2A /* build.xcconfig */ = {isa = PBXFileReference; fileEncoding = 4; lastKnownFileType = text.xcconfig; name = build.xcconfig; path = cordova/build.xcconfig; sourceTree = SOURCE_ROOT; };
		32CA4F630368D1EE00C91783 /* HelloCordova-Prefix.pch */ = {isa = PBXFileReference; fileEncoding = 4; lastKnownFileType = sourcecode.c.h; path = "HelloCordova-Prefix.pch"; sourceTree = "<group>"; };
		504AC807952943F6B82DF2AC /* PhotoLibraryProtocol.swift */ = {isa = PBXFileReference; explicitFileType = undefined; fileEncoding = 4; includeInIndex = 0; lastKnownFileType = sourcecode.swift; name = PhotoLibraryProtocol.swift; path = "cordova-plugin-photo-library/PhotoLibraryProtocol.swift"; sourceTree = "<group>"; };
		63392DA3412A4CD89B8F9DDE /* PhotoLibraryGetLibraryOptions.swift */ = {isa = PBXFileReference; explicitFileType = undefined; fileEncoding = 4; includeInIndex = 0; lastKnownFileType = sourcecode.swift; name = PhotoLibraryGetLibraryOptions.swift; path = "cordova-plugin-photo-library/PhotoLibraryGetLibraryOptions.swift"; sourceTree = "<group>"; };
		6AFF5BF81D6E424B00AB3073 /* CDVLaunchScreen.storyboard */ = {isa = PBXFileReference; fileEncoding = 4; lastKnownFileType = file.storyboard; name = CDVLaunchScreen.storyboard; path = HelloCordova/CDVLaunchScreen.storyboard; sourceTree = SOURCE_ROOT; };
		7469EEC5CDE74EFE8E492066 /* CDVFile.m */ = {isa = PBXFileReference; explicitFileType = undefined; fileEncoding = 4; includeInIndex = 0; lastKnownFileType = sourcecode.c.objc; name = CDVFile.m; path = "cordova-plugin-file/CDVFile.m"; sourceTree = "<group>"; };
		8D1107310486CEB800E47090 /* HelloCordova-Info.plist */ = {isa = PBXFileReference; fileEncoding = 4; lastKnownFileType = text.plist.xml; name = "HelloCordova-Info.plist"; path = "HelloCordova/HelloCordova-Info.plist"; plistStructureDefinitionIdentifier = "com.apple.xcode.plist.structure-definition.iphone.info-plist"; sourceTree = SOURCE_ROOT; };
		AC55D80BEB234DF6AD6BF98A /* CDVAssetLibraryFilesystem.h */ = {isa = PBXFileReference; explicitFileType = undefined; fileEncoding = 4; includeInIndex = 0; lastKnownFileType = sourcecode.c.h; name = CDVAssetLibraryFilesystem.h; path = "cordova-plugin-file/CDVAssetLibraryFilesystem.h"; sourceTree = "<group>"; };
		AFDCAF98C69847A7BCEB2BCD /* CDVLocalFilesystem.m */ = {isa = PBXFileReference; explicitFileType = undefined; fileEncoding = 4; includeInIndex = 0; lastKnownFileType = sourcecode.c.objc; name = CDVLocalFilesystem.m; path = "cordova-plugin-file/CDVLocalFilesystem.m"; sourceTree = "<group>"; };
		C5BF14AEFA61406CA11999C4 /* Panorama.swift */ = {isa = PBXFileReference; explicitFileType = undefined; fileEncoding = 4; includeInIndex = 0; lastKnownFileType = sourcecode.swift; name = Panorama.swift; path = "custom-plugin-panorama/Panorama.swift"; sourceTree = "<group>"; };
		C9F845CB111B4526879456E4 /* CDVAssetLibraryFilesystem.m */ = {isa = PBXFileReference; explicitFileType = undefined; fileEncoding = 4; includeInIndex = 0; lastKnownFileType = sourcecode.c.objc; name = CDVAssetLibraryFilesystem.m; path = "cordova-plugin-file/CDVAssetLibraryFilesystem.m"; sourceTree = "<group>"; };
		E5939BF1C7414AE3BA716097 /* CDVLocalFilesystem.h */ = {isa = PBXFileReference; explicitFileType = undefined; fileEncoding = 4; includeInIndex = 0; lastKnownFileType = sourcecode.c.h; name = CDVLocalFilesystem.h; path = "cordova-plugin-file/CDVLocalFilesystem.h"; sourceTree = "<group>"; };
		E5CEEFE9A9B14B6A872903AA /* PhotoLibraryService.swift */ = {isa = PBXFileReference; explicitFileType = undefined; fileEncoding = 4; includeInIndex = 0; lastKnownFileType = sourcecode.swift; name = PhotoLibraryService.swift; path = "cordova-plugin-photo-library/PhotoLibraryService.swift"; sourceTree = "<group>"; };
		EB87FDF31871DA8E0020F90C /* www */ = {isa = PBXFileReference; lastKnownFileType = folder; name = www; path = ../../www; sourceTree = "<group>"; };
		EB87FDF41871DAF40020F90C /* config.xml */ = {isa = PBXFileReference; lastKnownFileType = text.xml; name = config.xml; path = ../../config.xml; sourceTree = "<group>"; };
		ED33DF2A687741AEAF9F8254 /* Bridging-Header.h */ = {isa = PBXFileReference; fileEncoding = 4; lastKnownFileType = sourcecode.c.h; path = "Bridging-Header.h"; sourceTree = "<group>"; };
		F840E1F0165FE0F500CFE078 /* config.xml */ = {isa = PBXFileReference; lastKnownFileType = text.xml; name = config.xml; path = HelloCordova/config.xml; sourceTree = "<group>"; };
/* End PBXFileReference section */

/* Begin PBXFrameworksBuildPhase section */
		1D60588F0D05DD3D006BFB54 /* Frameworks */ = {
			isa = PBXFrameworksBuildPhase;
			buildActionMask = 2147483647;
			files = (
				25BAFAF42207AE61007DEA6D /* libc++.tbd in Frameworks */,
				25BAFAF22207AE3B007DEA6D /* libc.tbd in Frameworks */,
				25BAFAEA2207A336007DEA6D /* UIKit.framework in Frameworks */,
				25BAFAE82207A27E007DEA6D /* CoreLocation.framework in Frameworks */,
				25BAFAE62207A270007DEA6D /* CoreMedia.framework in Frameworks */,
				25BAFAE42207A25D007DEA6D /* CoreMotion.framework in Frameworks */,
				25BAFAE22207A253007DEA6D /* CoreGraphics.framework in Frameworks */,
				25BAFAE02207A246007DEA6D /* QuartzCore.framework in Frameworks */,
				25BAFADE2207A236007DEA6D /* AVFoundation.framework in Frameworks */,
				301BF552109A68D80062928A /* libCordova.a in Frameworks */,
			);
			runOnlyForDeploymentPostprocessing = 0;
		};
/* End PBXFrameworksBuildPhase section */

/* Begin PBXGroup section */
		080E96DDFE201D6D7F000001 /* Classes */ = {
			isa = PBXGroup;
			children = (
				302D95EE14D2391D003F00A1 /* MainViewController.h */,
				302D95EF14D2391D003F00A1 /* MainViewController.m */,
				302D95F014D2391D003F00A1 /* MainViewController.xib */,
				1D3623240D0F684500981E51 /* AppDelegate.h */,
				1D3623250D0F684500981E51 /* AppDelegate.m */,
			);
			name = Classes;
			path = HelloCordova/Classes;
			sourceTree = SOURCE_ROOT;
		};
		19C28FACFE9D520D11CA2CBB /* Products */ = {
			isa = PBXGroup;
			children = (
				1D6058910D05DD3D006BFB54 /* HelloCordova.app */,
			);
			name = Products;
			sourceTree = "<group>";
		};
		29B97314FDCFA39411CA2CEA /* CustomTemplate */ = {
			isa = PBXGroup;
			children = (
				EB87FDF41871DAF40020F90C /* config.xml */,
				EB87FDF31871DA8E0020F90C /* www */,
				EB87FDF11871DA420020F90C /* Staging */,
				301BF52D109A57CC0062928A /* CordovaLib/CordovaLib.xcodeproj */,
				080E96DDFE201D6D7F000001 /* Classes */,
				307C750510C5A3420062BCA9 /* Plugins */,
				29B97315FDCFA39411CA2CEA /* Other Sources */,
				29B97317FDCFA39411CA2CEA /* Resources */,
				29B97323FDCFA39411CA2CEA /* Frameworks */,
				19C28FACFE9D520D11CA2CBB /* Products */,
			);
			name = CustomTemplate;
			sourceTree = "<group>";
		};
		29B97315FDCFA39411CA2CEA /* Other Sources */ = {
			isa = PBXGroup;
			children = (
				32CA4F630368D1EE00C91783 /* HelloCordova-Prefix.pch */,
				29B97316FDCFA39411CA2CEA /* main.m */,
				ED33DF2A687741AEAF9F8254 /* Bridging-Header.h */,
			);
			name = "Other Sources";
			path = HelloCordova;
			sourceTree = "<group>";
		};
		29B97317FDCFA39411CA2CEA /* Resources */ = {
			isa = PBXGroup;
			children = (
				0207DA571B56EA530066E2B4 /* Images.xcassets */,
				3047A50E1AB8057F00498E2A /* config */,
				8D1107310486CEB800E47090 /* HelloCordova-Info.plist */,
				6AFF5BF81D6E424B00AB3073 /* CDVLaunchScreen.storyboard */,
			);
			name = Resources;
			path = HelloCordova/Resources;
			sourceTree = "<group>";
		};
		29B97323FDCFA39411CA2CEA /* Frameworks */ = {
			isa = PBXGroup;
			children = (
				25BAFAF62207B0D4007DEA6D /* libDMD_LITE.a */,
				25BAFAF32207AE61007DEA6D /* libc++.tbd */,
				25BAFAF12207AE3B007DEA6D /* libc.tbd */,
				25BAFAEC2207A916007DEA6D /* libDMD_LITE.a */,
				25BAFAE92207A335007DEA6D /* UIKit.framework */,
				25BAFAE72207A27E007DEA6D /* CoreLocation.framework */,
				25BAFAE52207A270007DEA6D /* CoreMedia.framework */,
				25BAFAE32207A25D007DEA6D /* CoreMotion.framework */,
				25BAFAE12207A253007DEA6D /* CoreGraphics.framework */,
				25BAFADF2207A245007DEA6D /* QuartzCore.framework */,
				25BAFADD2207A236007DEA6D /* AVFoundation.framework */,
			);
			name = Frameworks;
			sourceTree = "<group>";
		};
		301BF52E109A57CC0062928A /* Products */ = {
			isa = PBXGroup;
			children = (
				301BF535109A57CC0062928A /* libCordova.a */,
				25D6230C2207732200B1D6D9 /* Cordova.framework */,
			);
			name = Products;
			sourceTree = "<group>";
		};
		3047A50E1AB8057F00498E2A /* config */ = {
			isa = PBXGroup;
			children = (
				3047A50F1AB8059700498E2A /* build-debug.xcconfig */,
				3047A5101AB8059700498E2A /* build-release.xcconfig */,
				3047A5111AB8059700498E2A /* build.xcconfig */,
			);
			name = config;
			sourceTree = "<group>";
		};
		307C750510C5A3420062BCA9 /* Plugins */ = {
			isa = PBXGroup;
			children = (
				25BAFAD5220799F8007DEA6D /* DMDAssets.bundle */,
				25BAFAD222079940007DEA6D /* DMD_LITE.h */,
				25BAFAD12207993F007DEA6D /* DMD-Bridging-Header.h */,
				25BAFAC122079601007DEA6D /* AppDelegate.swift */,
				25BAFAC322079601007DEA6D /* libDMD_LITE.a */,
				25BAFAC022079601007DEA6D /* PLITInfoView.h */,
				25BAFAC522079602007DEA6D /* PLITInfoView.m */,
				25BAFABF22079601007DEA6D /* PLITViewerVC.h */,
				25BAFABE22079601007DEA6D /* PLITViewerVC.mm */,
				25BAFABD22079601007DEA6D /* PLITViewerVC+Controls.h */,
				25BAFABC22079600007DEA6D /* PLITViewerVC+Controls.m */,
				25BAFABA22079600007DEA6D /* UINavigationControllerLandscape.h */,
				25BAFAC422079602007DEA6D /* UINavigationControllerLandscape.m */,
				C5BF14AEFA61406CA11999C4 /* Panorama.swift */,
				7469EEC5CDE74EFE8E492066 /* CDVFile.m */,
				AFDCAF98C69847A7BCEB2BCD /* CDVLocalFilesystem.m */,
				C9F845CB111B4526879456E4 /* CDVAssetLibraryFilesystem.m */,
				00F0A5FFEB284327999DBDE2 /* CDVFile.h */,
				E5939BF1C7414AE3BA716097 /* CDVLocalFilesystem.h */,
				AC55D80BEB234DF6AD6BF98A /* CDVAssetLibraryFilesystem.h */,
				0DBEA56705094C54A7F62DE2 /* PhotoLibrary.swift */,
				504AC807952943F6B82DF2AC /* PhotoLibraryProtocol.swift */,
				E5CEEFE9A9B14B6A872903AA /* PhotoLibraryService.swift */,
				63392DA3412A4CD89B8F9DDE /* PhotoLibraryGetLibraryOptions.swift */,
			);
			name = Plugins;
			path = HelloCordova/Plugins;
			sourceTree = SOURCE_ROOT;
		};
		EB87FDF11871DA420020F90C /* Staging */ = {
			isa = PBXGroup;
			children = (
				F840E1F0165FE0F500CFE078 /* config.xml */,
				301BF56E109A69640062928A /* www */,
			);
			name = Staging;
			sourceTree = "<group>";
		};
/* End PBXGroup section */

/* Begin PBXNativeTarget section */
		1D6058900D05DD3D006BFB54 /* HelloCordova */ = {
			isa = PBXNativeTarget;
			buildConfigurationList = 1D6058960D05DD3E006BFB54 /* Build configuration list for PBXNativeTarget "HelloCordova" */;
			buildPhases = (
				304B58A110DAC018002A0835 /* Copy www directory */,
				1D60588D0D05DD3D006BFB54 /* Resources */,
				1D60588E0D05DD3D006BFB54 /* Sources */,
				1D60588F0D05DD3D006BFB54 /* Frameworks */,
			);
			buildRules = (
			);
			dependencies = (
				301BF551109A68C00062928A /* PBXTargetDependency */,
			);
			name = HelloCordova;
			productName = HelloCordova;
			productReference = 1D6058910D05DD3D006BFB54 /* HelloCordova.app */;
			productType = "com.apple.product-type.application";
		};
/* End PBXNativeTarget section */

/* Begin PBXProject section */
		29B97313FDCFA39411CA2CEA /* Project object */ = {
			isa = PBXProject;
			attributes = {
				LastUpgradeCheck = 510;
				TargetAttributes = {
					1D6058900D05DD3D006BFB54 = {
						DevelopmentTeam = E3FB475ZWN;
					};
				};
			};
			buildConfigurationList = C01FCF4E08A954540054247B /* Build configuration list for PBXProject "HelloCordova" */;
			compatibilityVersion = "Xcode 3.2";
			developmentRegion = English;
			hasScannedForEncodings = 1;
			knownRegions = (
				en,
			);
			mainGroup = 29B97314FDCFA39411CA2CEA /* CustomTemplate */;
			projectDirPath = "";
			projectReferences = (
				{
					ProductGroup = 301BF52E109A57CC0062928A /* Products */;
					ProjectRef = 301BF52D109A57CC0062928A /* CordovaLib/CordovaLib.xcodeproj */;
				},
			);
			projectRoot = "";
			targets = (
				1D6058900D05DD3D006BFB54 /* HelloCordova */,
			);
		};
/* End PBXProject section */

/* Begin PBXReferenceProxy section */
		25D6230C2207732200B1D6D9 /* Cordova.framework */ = {
			isa = PBXReferenceProxy;
			fileType = wrapper.framework;
			path = Cordova.framework;
			remoteRef = 25D6230B2207732200B1D6D9 /* PBXContainerItemProxy */;
			sourceTree = BUILT_PRODUCTS_DIR;
		};
		301BF535109A57CC0062928A /* libCordova.a */ = {
			isa = PBXReferenceProxy;
			fileType = archive.ar;
			path = libCordova.a;
			remoteRef = 301BF534109A57CC0062928A /* PBXContainerItemProxy */;
			sourceTree = BUILT_PRODUCTS_DIR;
		};
/* End PBXReferenceProxy section */

/* Begin PBXResourcesBuildPhase section */
		1D60588D0D05DD3D006BFB54 /* Resources */ = {
			isa = PBXResourcesBuildPhase;
			buildActionMask = 2147483647;
			files = (
				25BAFAF52207AE70007DEA6D /* DMDAssets.bundle in Resources */,
				302D95F214D2391D003F00A1 /* MainViewController.xib in Resources */,
				0207DA581B56EA530066E2B4 /* Images.xcassets in Resources */,
				6AFF5BF91D6E424B00AB3073 /* CDVLaunchScreen.storyboard in Resources */,
			);
			runOnlyForDeploymentPostprocessing = 0;
		};
/* End PBXResourcesBuildPhase section */

/* Begin PBXShellScriptBuildPhase section */
		304B58A110DAC018002A0835 /* Copy www directory */ = {
			isa = PBXShellScriptBuildPhase;
			buildActionMask = 2147483647;
			files = (
			);
			inputPaths = (
			);
			name = "Copy www directory";
			outputPaths = (
			);
			runOnlyForDeploymentPostprocessing = 0;
			shellPath = /bin/sh;
			shellScript = "NODEJS_PATH=/usr/local/bin; NVM_NODE_PATH=~/.nvm/versions/node/`nvm version 2>/dev/null`/bin; N_NODE_PATH=`find /usr/local/n/versions/node/* -maxdepth 0 -type d 2>/dev/null | tail -1`/bin; XCODE_NODE_PATH=`xcode-select --print-path`/usr/share/xcs/Node/bin; PATH=$NODEJS_PATH:$NVM_NODE_PATH:$N_NODE_PATH:$XCODE_NODE_PATH:$PATH && node cordova/lib/copy-www-build-step.js\n";
			showEnvVarsInLog = 0;
		};
/* End PBXShellScriptBuildPhase section */

/* Begin PBXSourcesBuildPhase section */
		1D60588E0D05DD3D006BFB54 /* Sources */ = {
			isa = PBXSourcesBuildPhase;
			buildActionMask = 2147483647;
			files = (
				25BAFAC722079602007DEA6D /* PLITViewerVC+Controls.m in Sources */,
				25BAFAC922079602007DEA6D /* PLITViewerVC.mm in Sources */,
				25BAFACC22079602007DEA6D /* AppDelegate.swift in Sources */,
				25BAFACF22079602007DEA6D /* UINavigationControllerLandscape.m in Sources */,
				25BAFAD022079602007DEA6D /* PLITInfoView.m in Sources */,
				1D60589B0D05DD56006BFB54 /* main.m in Sources */,
				1D3623260D0F684500981E51 /* AppDelegate.m in Sources */,
				302D95F114D2391D003F00A1 /* MainViewController.m in Sources */,
				228E073031E94ADEA2919C6A /* Panorama.swift in Sources */,
				E67CC737AB82408DA0B13725 /* CDVFile.m in Sources */,
				7D7EBCD87FF44F27B8C2657D /* CDVLocalFilesystem.m in Sources */,
				D5CFFD124C004670B88C1CDA /* CDVAssetLibraryFilesystem.m in Sources */,
				7314BA5C7B034320A89983C8 /* PhotoLibrary.swift in Sources */,
				B16133E5009C43DFB6A922E3 /* PhotoLibraryProtocol.swift in Sources */,
				E311C98832D4469785E067C9 /* PhotoLibraryService.swift in Sources */,
				9131FC1A8CF54502BB94A772 /* PhotoLibraryGetLibraryOptions.swift in Sources */,
			);
			runOnlyForDeploymentPostprocessing = 0;
		};
/* End PBXSourcesBuildPhase section */

/* Begin PBXTargetDependency section */
		301BF551109A68C00062928A /* PBXTargetDependency */ = {
			isa = PBXTargetDependency;
			name = CordovaLib;
			targetProxy = 301BF550109A68C00062928A /* PBXContainerItemProxy */;
		};
/* End PBXTargetDependency section */

/* Begin XCBuildConfiguration section */
		1D6058940D05DD3E006BFB54 /* Debug */ = {
			isa = XCBuildConfiguration;
			baseConfigurationReference = 3047A50F1AB8059700498E2A /* build-debug.xcconfig */;
			buildSettings = {
				ALWAYS_EMBED_SWIFT_STANDARD_LIBRARIES = YES;
				ALWAYS_SEARCH_USER_PATHS = NO;
				ASSETCATALOG_COMPILER_APPICON_NAME = AppIcon;
				ASSETCATALOG_COMPILER_LAUNCHIMAGE_NAME = LaunchImage;
				CLANG_ENABLE_MODULES = YES;
				CLANG_ENABLE_OBJC_ARC = YES;
				COPY_PHASE_STRIP = NO;
				DEVELOPMENT_TEAM = E3FB475ZWN;
				GCC_DYNAMIC_NO_PIC = NO;
				GCC_OPTIMIZATION_LEVEL = 0;
				GCC_PRECOMPILE_PREFIX_HEADER = YES;
				GCC_PREFIX_HEADER = "HelloCordova/HelloCordova-Prefix.pch";
				GCC_THUMB_SUPPORT = NO;
				GCC_VERSION = "";
				INFOPLIST_FILE = "HelloCordova/HelloCordova-Info.plist";
				IPHONEOS_DEPLOYMENT_TARGET = 8.0;
				LD_RUNPATH_SEARCH_PATHS = "@executable_path/Frameworks";
				LIBRARY_SEARCH_PATHS = "$(PROJECT_DIR)";
				ONLY_ACTIVE_ARCH = NO;
				OTHER_LDFLAGS = (
					"-ObjC",
					"-lc++",
				);
				PRODUCT_BUNDLE_IDENTIFIER = likokowloon;
				PRODUCT_NAME = HelloCordova;
				SWIFT_OBJC_BRIDGING_HEADER = "$(PROJECT_DIR)/$(PROJECT_NAME)/Bridging-Header.h";
				SWIFT_OPTIMIZATION_LEVEL = "-Onone";
				SWIFT_VERSION = 3.0;
				TARGETED_DEVICE_FAMILY = "1,2";
			};
			name = Debug;
		};
		1D6058950D05DD3E006BFB54 /* Release */ = {
			isa = XCBuildConfiguration;
			baseConfigurationReference = 3047A5101AB8059700498E2A /* build-release.xcconfig */;
			buildSettings = {
				ALWAYS_EMBED_SWIFT_STANDARD_LIBRARIES = YES;
				ALWAYS_SEARCH_USER_PATHS = NO;
				ASSETCATALOG_COMPILER_APPICON_NAME = AppIcon;
				ASSETCATALOG_COMPILER_LAUNCHIMAGE_NAME = LaunchImage;
				CLANG_ENABLE_MODULES = YES;
				CLANG_ENABLE_OBJC_ARC = YES;
				COPY_PHASE_STRIP = YES;
				DEVELOPMENT_TEAM = E3FB475ZWN;
				GCC_PRECOMPILE_PREFIX_HEADER = YES;
				GCC_PREFIX_HEADER = "HelloCordova/HelloCordova-Prefix.pch";
				GCC_THUMB_SUPPORT = NO;
				GCC_VERSION = "";
				INFOPLIST_FILE = "HelloCordova/HelloCordova-Info.plist";
				IPHONEOS_DEPLOYMENT_TARGET = 8.0;
				LD_RUNPATH_SEARCH_PATHS = "@executable_path/Frameworks";
				LIBRARY_SEARCH_PATHS = "$(PROJECT_DIR)";
				OTHER_LDFLAGS = (
					"-ObjC",
					"-lc++",
				);
				PRODUCT_BUNDLE_IDENTIFIER = likokowloon;
				PRODUCT_NAME = HelloCordova;
				SWIFT_OBJC_BRIDGING_HEADER = "$(PROJECT_DIR)/$(PROJECT_NAME)/Bridging-Header.h";
				SWIFT_VERSION = 3.0;
				TARGETED_DEVICE_FAMILY = "1,2";
			};
			name = Release;
		};
		C01FCF4F08A954540054247B /* Debug */ = {
			isa = XCBuildConfiguration;
			baseConfigurationReference = 3047A5111AB8059700498E2A /* build.xcconfig */;
			buildSettings = {
				ALWAYS_EMBED_SWIFT_STANDARD_LIBRARIES = YES;
				CLANG_ENABLE_MODULES = YES;
				CLANG_ENABLE_OBJC_ARC = YES;
				CLANG_WARN_BOOL_CONVERSION = YES;
				CLANG_WARN_CONSTANT_CONVERSION = YES;
				CLANG_WARN_EMPTY_BODY = YES;
				CLANG_WARN_ENUM_CONVERSION = YES;
				CLANG_WARN_INT_CONVERSION = YES;
				CLANG_WARN__DUPLICATE_METHOD_MATCH = YES;
				EMBED_ASSET_PACKS_IN_PRODUCT_BUNDLE = YES;
				GCC_C_LANGUAGE_STANDARD = c99;
				GCC_THUMB_SUPPORT = NO;
				GCC_VERSION = "";
				GCC_WARN_ABOUT_RETURN_TYPE = YES;
				GCC_WARN_UNDECLARED_SELECTOR = YES;
				GCC_WARN_UNINITIALIZED_AUTOS = YES;
				GCC_WARN_UNUSED_FUNCTION = YES;
				GCC_WARN_UNUSED_VARIABLE = YES;
				IPHONEOS_DEPLOYMENT_TARGET = 8.0;
				ONLY_ACTIVE_ARCH = YES;
				SDKROOT = iphoneos;
				SKIP_INSTALL = NO;
				SWIFT_OBJC_BRIDGING_HEADER = "$(PROJECT_DIR)/$(PROJECT_NAME)/Bridging-Header.h";
				SWIFT_OPTIMIZATION_LEVEL = "-Onone";
			};
			name = Debug;
		};
		C01FCF5008A954540054247B /* Release */ = {
			isa = XCBuildConfiguration;
			baseConfigurationReference = 3047A5111AB8059700498E2A /* build.xcconfig */;
			buildSettings = {
				ALWAYS_EMBED_SWIFT_STANDARD_LIBRARIES = YES;
				CLANG_ENABLE_MODULES = YES;
				CLANG_ENABLE_OBJC_ARC = YES;
				CLANG_WARN_BOOL_CONVERSION = YES;
				CLANG_WARN_CONSTANT_CONVERSION = YES;
				CLANG_WARN_EMPTY_BODY = YES;
				CLANG_WARN_ENUM_CONVERSION = YES;
				CLANG_WARN_INT_CONVERSION = YES;
				CLANG_WARN__DUPLICATE_METHOD_MATCH = YES;
				EMBED_ASSET_PACKS_IN_PRODUCT_BUNDLE = YES;
				GCC_C_LANGUAGE_STANDARD = c99;
				GCC_THUMB_SUPPORT = NO;
				GCC_VERSION = "";
				GCC_WARN_ABOUT_RETURN_TYPE = YES;
				GCC_WARN_UNDECLARED_SELECTOR = YES;
				GCC_WARN_UNINITIALIZED_AUTOS = YES;
				GCC_WARN_UNUSED_FUNCTION = YES;
				GCC_WARN_UNUSED_VARIABLE = YES;
				IPHONEOS_DEPLOYMENT_TARGET = 8.0;
				SDKROOT = iphoneos;
				SKIP_INSTALL = NO;
				SWIFT_OBJC_BRIDGING_HEADER = "$(PROJECT_DIR)/$(PROJECT_NAME)/Bridging-Header.h";
			};
			name = Release;
		};
/* End XCBuildConfiguration section */

/* Begin XCConfigurationList section */
		1D6058960D05DD3E006BFB54 /* Build configuration list for PBXNativeTarget "HelloCordova" */ = {
			isa = XCConfigurationList;
			buildConfigurations = (
				1D6058940D05DD3E006BFB54 /* Debug */,
				1D6058950D05DD3E006BFB54 /* Release */,
			);
			defaultConfigurationIsVisible = 0;
			defaultConfigurationName = Release;
		};
		C01FCF4E08A954540054247B /* Build configuration list for PBXProject "HelloCordova" */ = {
			isa = XCConfigurationList;
			buildConfigurations = (
				C01FCF4F08A954540054247B /* Debug */,
				C01FCF5008A954540054247B /* Release */,
			);
			defaultConfigurationIsVisible = 0;
			defaultConfigurationName = Release;
		};
/* End XCConfigurationList section */
	};
	rootObject = 29B97313FDCFA39411CA2CEA /* Project object */;
}
